// !$*UTF8*$!
{
	archiveVersion = 1;
	classes = {
	};
	objectVersion = 46;
	objects = {

/* Begin PBXBuildFile section */
		464C8D681B6F9BA40065552B /* AppDelegate.swift in Sources */ = {isa = PBXBuildFile; fileRef = 464C8D671B6F9BA40065552B /* AppDelegate.swift */; };
		464C8D6B1B6F9BA40065552B /* HealthApp.xcdatamodeld in Sources */ = {isa = PBXBuildFile; fileRef = 464C8D691B6F9BA40065552B /* HealthApp.xcdatamodeld */; };
		464C8D6D1B6F9BA40065552B /* AuthorizationController.swift in Sources */ = {isa = PBXBuildFile; fileRef = 464C8D6C1B6F9BA40065552B /* AuthorizationController.swift */; };
		464C8D701B6F9BA40065552B /* Main.storyboard in Resources */ = {isa = PBXBuildFile; fileRef = 464C8D6E1B6F9BA40065552B /* Main.storyboard */; };
		464C8D721B6F9BA40065552B /* Images.xcassets in Resources */ = {isa = PBXBuildFile; fileRef = 464C8D711B6F9BA40065552B /* Images.xcassets */; };
		464C8D751B6F9BA40065552B /* LaunchScreen.xib in Resources */ = {isa = PBXBuildFile; fileRef = 464C8D731B6F9BA40065552B /* LaunchScreen.xib */; };
		464C8D811B6F9BA40065552B /* HealthAppTests.swift in Sources */ = {isa = PBXBuildFile; fileRef = 464C8D801B6F9BA40065552B /* HealthAppTests.swift */; };
		464C8D8C1B6F9C3A0065552B /* HealthKit.framework in Frameworks */ = {isa = PBXBuildFile; fileRef = 464C8D8B1B6F9C3A0065552B /* HealthKit.framework */; };
		464C8D911B6FB5920065552B /* MainController.swift in Sources */ = {isa = PBXBuildFile; fileRef = 464C8D901B6FB5920065552B /* MainController.swift */; };
		465383171B729AE300131695 /* PlusButton.swift in Sources */ = {isa = PBXBuildFile; fileRef = 465383161B729AE300131695 /* PlusButton.swift */; };
		465383191B729D4200131695 /* GridButton.swift in Sources */ = {isa = PBXBuildFile; fileRef = 465383181B729D4200131695 /* GridButton.swift */; };
		4653831B1B729D5900131695 /* Vitality.swift in Sources */ = {isa = PBXBuildFile; fileRef = 4653831A1B729D5900131695 /* Vitality.swift */; };
		4653831D1B7301D600131695 /* Gradient.swift in Sources */ = {isa = PBXBuildFile; fileRef = 4653831C1B7301D600131695 /* Gradient.swift */; };
		4653831F1B73041C00131695 /* Horizontal_Line.swift in Sources */ = {isa = PBXBuildFile; fileRef = 4653831E1B73041C00131695 /* Horizontal_Line.swift */; };
		465383231B7393E900131695 /* Color.swift in Sources */ = {isa = PBXBuildFile; fileRef = 465383221B7393E900131695 /* Color.swift */; };
		465383251B73BF7E00131695 /* AgePredictor.swift in Sources */ = {isa = PBXBuildFile; fileRef = 465383241B73BF7E00131695 /* AgePredictor.swift */; };
		465383281B73D57B00131695 /* HeartRateButton.swift in Sources */ = {isa = PBXBuildFile; fileRef = 465383271B73D57B00131695 /* HeartRateButton.swift */; };
		4653832A1B73E9E700131695 /* BarGraphButton.swift in Sources */ = {isa = PBXBuildFile; fileRef = 465383291B73E9E700131695 /* BarGraphButton.swift */; };
		4653832C1B74417800131695 /* LocationButton.swift in Sources */ = {isa = PBXBuildFile; fileRef = 4653832B1B74417800131695 /* LocationButton.swift */; };
		465383301B74F4AC00131695 /* VitalityIndicator.swift in Sources */ = {isa = PBXBuildFile; fileRef = 4653832F1B74F4AC00131695 /* VitalityIndicator.swift */; };
		465383321B74F6A100131695 /* VitalityButton.swift in Sources */ = {isa = PBXBuildFile; fileRef = 465383311B74F6A100131695 /* VitalityButton.swift */; };
		465383361B74FE1500131695 /* SpringBoardButton.swift in Sources */ = {isa = PBXBuildFile; fileRef = 465383351B74FE1500131695 /* SpringBoardButton.swift */; };
/* End PBXBuildFile section */

/* Begin PBXContainerItemProxy section */
		464C8D7B1B6F9BA40065552B /* PBXContainerItemProxy */ = {
			isa = PBXContainerItemProxy;
			containerPortal = 464C8D5A1B6F9BA40065552B /* Project object */;
			proxyType = 1;
			remoteGlobalIDString = 464C8D611B6F9BA40065552B;
			remoteInfo = HealthApp;
		};
/* End PBXContainerItemProxy section */

/* Begin PBXFileReference section */
		464C8D621B6F9BA40065552B /* HealthApp.app */ = {isa = PBXFileReference; explicitFileType = wrapper.application; includeInIndex = 0; path = HealthApp.app; sourceTree = BUILT_PRODUCTS_DIR; };
		464C8D661B6F9BA40065552B /* Info.plist */ = {isa = PBXFileReference; lastKnownFileType = text.plist.xml; path = Info.plist; sourceTree = "<group>"; };
		464C8D671B6F9BA40065552B /* AppDelegate.swift */ = {isa = PBXFileReference; lastKnownFileType = sourcecode.swift; path = AppDelegate.swift; sourceTree = "<group>"; };
		464C8D6A1B6F9BA40065552B /* HealthApp.xcdatamodel */ = {isa = PBXFileReference; lastKnownFileType = wrapper.xcdatamodel; path = HealthApp.xcdatamodel; sourceTree = "<group>"; };
		464C8D6C1B6F9BA40065552B /* AuthorizationController.swift */ = {isa = PBXFileReference; lastKnownFileType = sourcecode.swift; path = AuthorizationController.swift; sourceTree = "<group>"; };
		464C8D6F1B6F9BA40065552B /* Base */ = {isa = PBXFileReference; lastKnownFileType = file.storyboard; name = Base; path = Base.lproj/Main.storyboard; sourceTree = "<group>"; };
		464C8D711B6F9BA40065552B /* Images.xcassets */ = {isa = PBXFileReference; lastKnownFileType = folder.assetcatalog; path = Images.xcassets; sourceTree = "<group>"; };
		464C8D741B6F9BA40065552B /* Base */ = {isa = PBXFileReference; lastKnownFileType = file.xib; name = Base; path = Base.lproj/LaunchScreen.xib; sourceTree = "<group>"; };
		464C8D7A1B6F9BA40065552B /* HealthAppTests.xctest */ = {isa = PBXFileReference; explicitFileType = wrapper.cfbundle; includeInIndex = 0; path = HealthAppTests.xctest; sourceTree = BUILT_PRODUCTS_DIR; };
		464C8D7F1B6F9BA40065552B /* Info.plist */ = {isa = PBXFileReference; lastKnownFileType = text.plist.xml; path = Info.plist; sourceTree = "<group>"; };
		464C8D801B6F9BA40065552B /* HealthAppTests.swift */ = {isa = PBXFileReference; lastKnownFileType = sourcecode.swift; path = HealthAppTests.swift; sourceTree = "<group>"; };
		464C8D8B1B6F9C3A0065552B /* HealthKit.framework */ = {isa = PBXFileReference; lastKnownFileType = wrapper.framework; name = HealthKit.framework; path = System/Library/Frameworks/HealthKit.framework; sourceTree = SDKROOT; };
		464C8D8D1B6F9C3A0065552B /* HealthApp.entitlements */ = {isa = PBXFileReference; lastKnownFileType = text.xml; path = HealthApp.entitlements; sourceTree = "<group>"; };
		464C8D901B6FB5920065552B /* MainController.swift */ = {isa = PBXFileReference; fileEncoding = 4; lastKnownFileType = sourcecode.swift; path = MainController.swift; sourceTree = "<group>"; };
		465383161B729AE300131695 /* PlusButton.swift */ = {isa = PBXFileReference; fileEncoding = 4; lastKnownFileType = sourcecode.swift; name = PlusButton.swift; path = ../../PlusButton.swift; sourceTree = "<group>"; };
		465383181B729D4200131695 /* GridButton.swift */ = {isa = PBXFileReference; fileEncoding = 4; lastKnownFileType = sourcecode.swift; path = GridButton.swift; sourceTree = "<group>"; };
		4653831A1B729D5900131695 /* Vitality.swift */ = {isa = PBXFileReference; fileEncoding = 4; lastKnownFileType = sourcecode.swift; path = Vitality.swift; sourceTree = "<group>"; };
		4653831C1B7301D600131695 /* Gradient.swift */ = {isa = PBXFileReference; fileEncoding = 4; lastKnownFileType = sourcecode.swift; path = Gradient.swift; sourceTree = "<group>"; };
		4653831E1B73041C00131695 /* Horizontal_Line.swift */ = {isa = PBXFileReference; fileEncoding = 4; lastKnownFileType = sourcecode.swift; path = Horizontal_Line.swift; sourceTree = "<group>"; };
		465383221B7393E900131695 /* Color.swift */ = {isa = PBXFileReference; fileEncoding = 4; lastKnownFileType = sourcecode.swift; path = Color.swift; sourceTree = "<group>"; };
		465383241B73BF7E00131695 /* AgePredictor.swift */ = {isa = PBXFileReference; fileEncoding = 4; lastKnownFileType = sourcecode.swift; path = AgePredictor.swift; sourceTree = "<group>"; };
		465383271B73D57B00131695 /* HeartRateButton.swift */ = {isa = PBXFileReference; fileEncoding = 4; lastKnownFileType = sourcecode.swift; path = HeartRateButton.swift; sourceTree = "<group>"; };
		465383291B73E9E700131695 /* BarGraphButton.swift */ = {isa = PBXFileReference; fileEncoding = 4; lastKnownFileType = sourcecode.swift; path = BarGraphButton.swift; sourceTree = "<group>"; };
		4653832B1B74417800131695 /* LocationButton.swift */ = {isa = PBXFileReference; fileEncoding = 4; lastKnownFileType = sourcecode.swift; name = LocationButton.swift; path = ../LocationButton.swift; sourceTree = "<group>"; };
		4653832F1B74F4AC00131695 /* VitalityIndicator.swift */ = {isa = PBXFileReference; fileEncoding = 4; lastKnownFileType = sourcecode.swift; path = VitalityIndicator.swift; sourceTree = "<group>"; };
		465383311B74F6A100131695 /* VitalityButton.swift */ = {isa = PBXFileReference; fileEncoding = 4; lastKnownFileType = sourcecode.swift; path = VitalityButton.swift; sourceTree = "<group>"; };
		465383351B74FE1500131695 /* SpringBoardButton.swift */ = {isa = PBXFileReference; fileEncoding = 4; lastKnownFileType = sourcecode.swift; path = SpringBoardButton.swift; sourceTree = "<group>"; };
/* End PBXFileReference section */

/* Begin PBXFrameworksBuildPhase section */
		464C8D5F1B6F9BA40065552B /* Frameworks */ = {
			isa = PBXFrameworksBuildPhase;
			buildActionMask = 2147483647;
			files = (
				464C8D8C1B6F9C3A0065552B /* HealthKit.framework in Frameworks */,
			);
			runOnlyForDeploymentPostprocessing = 0;
		};
		464C8D771B6F9BA40065552B /* Frameworks */ = {
			isa = PBXFrameworksBuildPhase;
			buildActionMask = 2147483647;
			files = (
			);
			runOnlyForDeploymentPostprocessing = 0;
		};
/* End PBXFrameworksBuildPhase section */

/* Begin PBXGroup section */
		464C8D591B6F9BA40065552B = {
			isa = PBXGroup;
			children = (
				4653832F1B74F4AC00131695 /* VitalityIndicator.swift */,
				464C8D8B1B6F9C3A0065552B /* HealthKit.framework */,
				464C8D641B6F9BA40065552B /* HealthApp */,
				464C8D7D1B6F9BA40065552B /* HealthAppTests */,
				464C8D631B6F9BA40065552B /* Products */,
			);
			sourceTree = "<group>";
		};
		464C8D631B6F9BA40065552B /* Products */ = {
			isa = PBXGroup;
			children = (
				464C8D621B6F9BA40065552B /* HealthApp.app */,
				464C8D7A1B6F9BA40065552B /* HealthAppTests.xctest */,
			);
			name = Products;
			sourceTree = "<group>";
		};
		464C8D641B6F9BA40065552B /* HealthApp */ = {
			isa = PBXGroup;
			children = (
				464C8D8D1B6F9C3A0065552B /* HealthApp.entitlements */,
				464C8D671B6F9BA40065552B /* AppDelegate.swift */,
				464C8D8A1B6F9BBE0065552B /* ViewControllers */,
				464C8D6E1B6F9BA40065552B /* Main.storyboard */,
				464C8D711B6F9BA40065552B /* Images.xcassets */,
				464C8D731B6F9BA40065552B /* LaunchScreen.xib */,
				464C8D691B6F9BA40065552B /* HealthApp.xcdatamodeld */,
				464C8D651B6F9BA40065552B /* Supporting Files */,
			);
			path = HealthApp;
			sourceTree = "<group>";
		};
		464C8D651B6F9BA40065552B /* Supporting Files */ = {
			isa = PBXGroup;
			children = (
				464C8D661B6F9BA40065552B /* Info.plist */,
			);
			name = "Supporting Files";
			sourceTree = "<group>";
		};
		464C8D7D1B6F9BA40065552B /* HealthAppTests */ = {
			isa = PBXGroup;
			children = (
				464C8D801B6F9BA40065552B /* HealthAppTests.swift */,
				464C8D7E1B6F9BA40065552B /* Supporting Files */,
			);
			path = HealthAppTests;
			sourceTree = "<group>";
		};
		464C8D7E1B6F9BA40065552B /* Supporting Files */ = {
			isa = PBXGroup;
			children = (
				464C8D7F1B6F9BA40065552B /* Info.plist */,
			);
			name = "Supporting Files";
			sourceTree = "<group>";
		};
		464C8D8A1B6F9BBE0065552B /* ViewControllers */ = {
			isa = PBXGroup;
			children = (
				464C8D901B6FB5920065552B /* MainController.swift */,
				464C8D6C1B6F9BA40065552B /* AuthorizationController.swift */,
				465383261B73BF9700131695 /* Algorithms */,
				464C8DD01B712A930065552B /* UI */,
			);
			name = ViewControllers;
			sourceTree = "<group>";
		};
		464C8DD01B712A930065552B /* UI */ = {
			isa = PBXGroup;
			children = (
				465383331B74FB9100131695 /* Button */,
				4653831C1B7301D600131695 /* Gradient.swift */,
				465383221B7393E900131695 /* Color.swift */,
				4653831E1B73041C00131695 /* Horizontal_Line.swift */,
				4653831A1B729D5900131695 /* Vitality.swift */,
				465383161B729AE300131695 /* PlusButton.swift */,
				465383181B729D4200131695 /* GridButton.swift */,
				465383341B74FDEC00131695 /* SpringBoardButton */,
			);
			name = UI;
			sourceTree = "<group>";
		};
		465383261B73BF9700131695 /* Algorithms */ = {
			isa = PBXGroup;
			children = (
				465383241B73BF7E00131695 /* AgePredictor.swift */,
			);
			name = Algorithms;
			sourceTree = "<group>";
		};
		465383331B74FB9100131695 /* Button */ = {
			isa = PBXGroup;
			children = (
			);
			name = Button;
			sourceTree = "<group>";
		};
		465383341B74FDEC00131695 /* SpringBoardButton */ = {
			isa = PBXGroup;
			children = (
				465383351B74FE1500131695 /* SpringBoardButton.swift */,
				465383311B74F6A100131695 /* VitalityButton.swift */,
				465383271B73D57B00131695 /* HeartRateButton.swift */,
				465383291B73E9E700131695 /* BarGraphButton.swift */,
				4653832B1B74417800131695 /* LocationButton.swift */,
			);
			name = SpringBoardButton;
			sourceTree = "<group>";
		};
/* End PBXGroup section */

/* Begin PBXNativeTarget section */
		464C8D611B6F9BA40065552B /* HealthApp */ = {
			isa = PBXNativeTarget;
			buildConfigurationList = 464C8D841B6F9BA40065552B /* Build configuration list for PBXNativeTarget "HealthApp" */;
			buildPhases = (
				464C8D5E1B6F9BA40065552B /* Sources */,
				464C8D5F1B6F9BA40065552B /* Frameworks */,
				464C8D601B6F9BA40065552B /* Resources */,
			);
			buildRules = (
			);
			dependencies = (
			);
			name = HealthApp;
			productName = HealthApp;
			productReference = 464C8D621B6F9BA40065552B /* HealthApp.app */;
			productType = "com.apple.product-type.application";
		};
		464C8D791B6F9BA40065552B /* HealthAppTests */ = {
			isa = PBXNativeTarget;
			buildConfigurationList = 464C8D871B6F9BA40065552B /* Build configuration list for PBXNativeTarget "HealthAppTests" */;
			buildPhases = (
				464C8D761B6F9BA40065552B /* Sources */,
				464C8D771B6F9BA40065552B /* Frameworks */,
				464C8D781B6F9BA40065552B /* Resources */,
			);
			buildRules = (
			);
			dependencies = (
				464C8D7C1B6F9BA40065552B /* PBXTargetDependency */,
			);
			name = HealthAppTests;
			productName = HealthAppTests;
			productReference = 464C8D7A1B6F9BA40065552B /* HealthAppTests.xctest */;
			productType = "com.apple.product-type.bundle.unit-test";
		};
/* End PBXNativeTarget section */

/* Begin PBXProject section */
		464C8D5A1B6F9BA40065552B /* Project object */ = {
			isa = PBXProject;
			attributes = {
				LastUpgradeCheck = 0640;
				ORGANIZATIONNAME = "Alex Harrison";
				TargetAttributes = {
					464C8D611B6F9BA40065552B = {
						CreatedOnToolsVersion = 6.4;
						DevelopmentTeam = UUTSGAGY2G;
						SystemCapabilities = {
							com.apple.HealthKit = {
								enabled = 1;
							};
						};
					};
					464C8D791B6F9BA40065552B = {
						CreatedOnToolsVersion = 6.4;
						TestTargetID = 464C8D611B6F9BA40065552B;
					};
				};
			};
			buildConfigurationList = 464C8D5D1B6F9BA40065552B /* Build configuration list for PBXProject "HealthApp" */;
			compatibilityVersion = "Xcode 3.2";
			developmentRegion = English;
			hasScannedForEncodings = 0;
			knownRegions = (
				en,
				Base,
			);
			mainGroup = 464C8D591B6F9BA40065552B;
			productRefGroup = 464C8D631B6F9BA40065552B /* Products */;
			projectDirPath = "";
			projectRoot = "";
			targets = (
				464C8D611B6F9BA40065552B /* HealthApp */,
				464C8D791B6F9BA40065552B /* HealthAppTests */,
			);
		};
/* End PBXProject section */

/* Begin PBXResourcesBuildPhase section */
		464C8D601B6F9BA40065552B /* Resources */ = {
			isa = PBXResourcesBuildPhase;
			buildActionMask = 2147483647;
			files = (
				464C8D701B6F9BA40065552B /* Main.storyboard in Resources */,
				464C8D751B6F9BA40065552B /* LaunchScreen.xib in Resources */,
				464C8D721B6F9BA40065552B /* Images.xcassets in Resources */,
			);
			runOnlyForDeploymentPostprocessing = 0;
		};
		464C8D781B6F9BA40065552B /* Resources */ = {
			isa = PBXResourcesBuildPhase;
			buildActionMask = 2147483647;
			files = (
			);
			runOnlyForDeploymentPostprocessing = 0;
		};
/* End PBXResourcesBuildPhase section */

/* Begin PBXSourcesBuildPhase section */
		464C8D5E1B6F9BA40065552B /* Sources */ = {
			isa = PBXSourcesBuildPhase;
			buildActionMask = 2147483647;
			files = (
				4653832A1B73E9E700131695 /* BarGraphButton.swift in Sources */,
				465383301B74F4AC00131695 /* VitalityIndicator.swift in Sources */,
				464C8D911B6FB5920065552B /* MainController.swift in Sources */,
				4653832C1B74417800131695 /* LocationButton.swift in Sources */,
				464C8D6D1B6F9BA40065552B /* AuthorizationController.swift in Sources */,
				4653831F1B73041C00131695 /* Horizontal_Line.swift in Sources */,
				465383251B73BF7E00131695 /* AgePredictor.swift in Sources */,
				464C8D681B6F9BA40065552B /* AppDelegate.swift in Sources */,
				464C8D6B1B6F9BA40065552B /* HealthApp.xcdatamodeld in Sources */,
				465383231B7393E900131695 /* Color.swift in Sources */,
				465383171B729AE300131695 /* PlusButton.swift in Sources */,
				4653831D1B7301D600131695 /* Gradient.swift in Sources */,
				465383191B729D4200131695 /* GridButton.swift in Sources */,
				465383281B73D57B00131695 /* HeartRateButton.swift in Sources */,
				4653831B1B729D5900131695 /* Vitality.swift in Sources */,
				465383361B74FE1500131695 /* SpringBoardButton.swift in Sources */,
				465383321B74F6A100131695 /* VitalityButton.swift in Sources */,
			);
			runOnlyForDeploymentPostprocessing = 0;
		};
		464C8D761B6F9BA40065552B /* Sources */ = {
			isa = PBXSourcesBuildPhase;
			buildActionMask = 2147483647;
			files = (
				464C8D811B6F9BA40065552B /* HealthAppTests.swift in Sources */,
			);
			runOnlyForDeploymentPostprocessing = 0;
		};
/* End PBXSourcesBuildPhase section */

/* Begin PBXTargetDependency section */
		464C8D7C1B6F9BA40065552B /* PBXTargetDependency */ = {
			isa = PBXTargetDependency;
			target = 464C8D611B6F9BA40065552B /* HealthApp */;
			targetProxy = 464C8D7B1B6F9BA40065552B /* PBXContainerItemProxy */;
		};
/* End PBXTargetDependency section */

/* Begin PBXVariantGroup section */
		464C8D6E1B6F9BA40065552B /* Main.storyboard */ = {
			isa = PBXVariantGroup;
			children = (
				464C8D6F1B6F9BA40065552B /* Base */,
			);
			name = Main.storyboard;
			sourceTree = "<group>";
		};
		464C8D731B6F9BA40065552B /* LaunchScreen.xib */ = {
			isa = PBXVariantGroup;
			children = (
				464C8D741B6F9BA40065552B /* Base */,
			);
			name = LaunchScreen.xib;
			sourceTree = "<group>";
		};
/* End PBXVariantGroup section */

/* Begin XCBuildConfiguration section */
		464C8D821B6F9BA40065552B /* Debug */ = {
			isa = XCBuildConfiguration;
			buildSettings = {
				ALWAYS_SEARCH_USER_PATHS = NO;
				CLANG_CXX_LANGUAGE_STANDARD = "gnu++0x";
				CLANG_CXX_LIBRARY = "libc++";
				CLANG_ENABLE_MODULES = YES;
				CLANG_ENABLE_OBJC_ARC = YES;
				CLANG_WARN_BOOL_CONVERSION = YES;
				CLANG_WARN_CONSTANT_CONVERSION = YES;
				CLANG_WARN_DIRECT_OBJC_ISA_USAGE = YES_ERROR;
				CLANG_WARN_EMPTY_BODY = YES;
				CLANG_WARN_ENUM_CONVERSION = YES;
				CLANG_WARN_INT_CONVERSION = YES;
				CLANG_WARN_OBJC_ROOT_CLASS = YES_ERROR;
				CLANG_WARN_UNREACHABLE_CODE = YES;
				CLANG_WARN__DUPLICATE_METHOD_MATCH = YES;
				CODE_SIGN_IDENTITY = "iPhone Developer: Alex Harrison (R2658GUVMS)";
				"CODE_SIGN_IDENTITY[sdk=iphoneos*]" = "iPhone Developer";
				COPY_PHASE_STRIP = NO;
				DEBUG_INFORMATION_FORMAT = "dwarf-with-dsym";
				ENABLE_STRICT_OBJC_MSGSEND = YES;
				GCC_C_LANGUAGE_STANDARD = gnu99;
				GCC_DYNAMIC_NO_PIC = NO;
				GCC_NO_COMMON_BLOCKS = YES;
				GCC_OPTIMIZATION_LEVEL = 0;
				GCC_PREPROCESSOR_DEFINITIONS = (
					"DEBUG=1",
					"$(inherited)",
				);
				GCC_SYMBOLS_PRIVATE_EXTERN = NO;
				GCC_WARN_64_TO_32_BIT_CONVERSION = YES;
				GCC_WARN_ABOUT_RETURN_TYPE = YES_ERROR;
				GCC_WARN_UNDECLARED_SELECTOR = YES;
				GCC_WARN_UNINITIALIZED_AUTOS = YES_AGGRESSIVE;
				GCC_WARN_UNUSED_FUNCTION = YES;
				GCC_WARN_UNUSED_VARIABLE = YES;
				IPHONEOS_DEPLOYMENT_TARGET = 8.4;
				MTL_ENABLE_DEBUG_INFO = YES;
				ONLY_ACTIVE_ARCH = YES;
				SDKROOT = iphoneos;
				SWIFT_OPTIMIZATION_LEVEL = "-Onone";
				TARGETED_DEVICE_FAMILY = "1,2";
			};
			name = Debug;
		};
		464C8D831B6F9BA40065552B /* Release */ = {
			isa = XCBuildConfiguration;
			buildSettings = {
				ALWAYS_SEARCH_USER_PATHS = NO;
				CLANG_CXX_LANGUAGE_STANDARD = "gnu++0x";
				CLANG_CXX_LIBRARY = "libc++";
				CLANG_ENABLE_MODULES = YES;
				CLANG_ENABLE_OBJC_ARC = YES;
				CLANG_WARN_BOOL_CONVERSION = YES;
				CLANG_WARN_CONSTANT_CONVERSION = YES;
				CLANG_WARN_DIRECT_OBJC_ISA_USAGE = YES_ERROR;
				CLANG_WARN_EMPTY_BODY = YES;
				CLANG_WARN_ENUM_CONVERSION = YES;
				CLANG_WARN_INT_CONVERSION = YES;
				CLANG_WARN_OBJC_ROOT_CLASS = YES_ERROR;
				CLANG_WARN_UNREACHABLE_CODE = YES;
				CLANG_WARN__DUPLICATE_METHOD_MATCH = YES;
				CODE_SIGN_IDENTITY = "iPhone Developer: Alex Harrison (R2658GUVMS)";
				"CODE_SIGN_IDENTITY[sdk=iphoneos*]" = "iPhone Developer";
				COPY_PHASE_STRIP = NO;
				DEBUG_INFORMATION_FORMAT = "dwarf-with-dsym";
				ENABLE_NS_ASSERTIONS = NO;
				ENABLE_STRICT_OBJC_MSGSEND = YES;
				GCC_C_LANGUAGE_STANDARD = gnu99;
				GCC_NO_COMMON_BLOCKS = YES;
				GCC_WARN_64_TO_32_BIT_CONVERSION = YES;
				GCC_WARN_ABOUT_RETURN_TYPE = YES_ERROR;
				GCC_WARN_UNDECLARED_SELECTOR = YES;
				GCC_WARN_UNINITIALIZED_AUTOS = YES_AGGRESSIVE;
				GCC_WARN_UNUSED_FUNCTION = YES;
				GCC_WARN_UNUSED_VARIABLE = YES;
				IPHONEOS_DEPLOYMENT_TARGET = 8.4;
				MTL_ENABLE_DEBUG_INFO = NO;
				SDKROOT = iphoneos;
				TARGETED_DEVICE_FAMILY = "1,2";
				VALIDATE_PRODUCT = YES;
			};
			name = Release;
		};
		464C8D851B6F9BA40065552B /* Debug */ = {
			isa = XCBuildConfiguration;
			buildSettings = {
				ASSETCATALOG_COMPILER_APPICON_NAME = AppIcon;
				CODE_SIGN_ENTITLEMENTS = HealthApp/HealthApp.entitlements;
				INFOPLIST_FILE = HealthApp/Info.plist;
				LD_RUNPATH_SEARCH_PATHS = "$(inherited) @executable_path/Frameworks";
				PRODUCT_NAME = "$(TARGET_NAME)";
			};
			name = Debug;
		};
		464C8D861B6F9BA40065552B /* Release */ = {
			isa = XCBuildConfiguration;
			buildSettings = {
				ASSETCATALOG_COMPILER_APPICON_NAME = AppIcon;
				CODE_SIGN_ENTITLEMENTS = HealthApp/HealthApp.entitlements;
				INFOPLIST_FILE = HealthApp/Info.plist;
				LD_RUNPATH_SEARCH_PATHS = "$(inherited) @executable_path/Frameworks";
				PRODUCT_NAME = "$(TARGET_NAME)";
			};
			name = Release;
		};
		464C8D881B6F9BA40065552B /* Debug */ = {
			isa = XCBuildConfiguration;
			buildSettings = {
				BUNDLE_LOADER = "$(TEST_HOST)";
				FRAMEWORK_SEARCH_PATHS = (
					"$(SDKROOT)/Developer/Library/Frameworks",
					"$(inherited)",
				);
				GCC_PREPROCESSOR_DEFINITIONS = (
					"DEBUG=1",
					"$(inherited)",
				);
				INFOPLIST_FILE = HealthAppTests/Info.plist;
				LD_RUNPATH_SEARCH_PATHS = "$(inherited) @executable_path/Frameworks @loader_path/Frameworks";
				PRODUCT_NAME = "$(TARGET_NAME)";
				TEST_HOST = "$(BUILT_PRODUCTS_DIR)/HealthApp.app/HealthApp";
			};
			name = Debug;
		};
		464C8D891B6F9BA40065552B /* Release */ = {
			isa = XCBuildConfiguration;
			buildSettings = {
				BUNDLE_LOADER = "$(TEST_HOST)";
				FRAMEWORK_SEARCH_PATHS = (
					"$(SDKROOT)/Developer/Library/Frameworks",
					"$(inherited)",
				);
				INFOPLIST_FILE = HealthAppTests/Info.plist;
				LD_RUNPATH_SEARCH_PATHS = "$(inherited) @executable_path/Frameworks @loader_path/Frameworks";
				PRODUCT_NAME = "$(TARGET_NAME)";
				TEST_HOST = "$(BUILT_PRODUCTS_DIR)/HealthApp.app/HealthApp";
			};
			name = Release;
		};
/* End XCBuildConfiguration section */

/* Begin XCConfigurationList section */
		464C8D5D1B6F9BA40065552B /* Build configuration list for PBXProject "HealthApp" */ = {
			isa = XCConfigurationList;
			buildConfigurations = (
				464C8D821B6F9BA40065552B /* Debug */,
				464C8D831B6F9BA40065552B /* Release */,
			);
			defaultConfigurationIsVisible = 0;
			defaultConfigurationName = Release;
		};
		464C8D841B6F9BA40065552B /* Build configuration list for PBXNativeTarget "HealthApp" */ = {
			isa = XCConfigurationList;
			buildConfigurations = (
				464C8D851B6F9BA40065552B /* Debug */,
				464C8D861B6F9BA40065552B /* Release */,
			);
			defaultConfigurationIsVisible = 0;
			defaultConfigurationName = Release;
		};
		464C8D871B6F9BA40065552B /* Build configuration list for PBXNativeTarget "HealthAppTests" */ = {
			isa = XCConfigurationList;
			buildConfigurations = (
				464C8D881B6F9BA40065552B /* Debug */,
				464C8D891B6F9BA40065552B /* Release */,
			);
			defaultConfigurationIsVisible = 0;
			defaultConfigurationName = Release;
		};
/* End XCConfigurationList section */

/* Begin XCVersionGroup section */
		464C8D691B6F9BA40065552B /* HealthApp.xcdatamodeld */ = {
			isa = XCVersionGroup;
			children = (
				464C8D6A1B6F9BA40065552B /* HealthApp.xcdatamodel */,
			);
			currentVersion = 464C8D6A1B6F9BA40065552B /* HealthApp.xcdatamodel */;
			path = HealthApp.xcdatamodeld;
			sourceTree = "<group>";
			versionGroupType = wrapper.xcdatamodel;
		};
/* End XCVersionGroup section */
	};
	rootObject = 464C8D5A1B6F9BA40065552B /* Project object */;
}
